PODS:
  - auto_orientation (0.0.1):
    - Flutter
  - Flutter (1.0.0)
  - super_player (1.0.1):
    - Flutter
    - TXLiteAVSDK_Player
  - TXLiteAVSDK_Player (9.5.29016)

DEPENDENCIES:
  - auto_orientation (from `.symlinks/plugins/auto_orientation/ios`)
  - Flutter (from `Flutter`)
  - super_player (from `.symlinks/plugins/super_player/ios`)

SPEC REPOS:
  trunk:
    - TXLiteAVSDK_Player

EXTERNAL SOURCES:
  auto_orientation:
    :path: ".symlinks/plugins/auto_orientation/ios"
  Flutter:
    :path: Flutter
  super_player:
    :path: ".symlinks/plugins/super_player/ios"

SPEC CHECKSUMS:
  auto_orientation: 2941c44ebe5c3d41016001597ab03e81a92a26ce
  Flutter: 50d75fe2f02b26cc09d224853bb45737f8b3214a
  super_player: 7704aa01779b7093d5667994f382729b5e0b3ed6
  TXLiteAVSDK_Player: 5a9cea3ba4e77fc8993b19523afbecdfc1a803ce

PODFILE CHECKSUM: 503cb461ebd1e4de100eb5092af3ca3f013abcd5

COCOAPODS: 1.11.3
