PODS:
  - auto_orientation (0.0.1):
    - Flutter
  - Flutter (1.0.0)
  - flutter_super_player (0.0.1):
    - Flutter
    - TXLiteAVSDK_Player
  - TXLiteAVSDK_Player (9.5.29016)

DEPENDENCIES:
  - auto_orientation (from `.symlinks/plugins/auto_orientation/ios`)
  - Flutter (from `Flutter`)
  - flutter_super_player (from `.symlinks/plugins/flutter_super_player/ios`)

SPEC REPOS:
  trunk:
    - TXLiteAVSDK_Player

EXTERNAL SOURCES:
  auto_orientation:
    :path: ".symlinks/plugins/auto_orientation/ios"
  Flutter:
    :path: Flutter
  flutter_super_player:
    :path: ".symlinks/plugins/flutter_super_player/ios"

SPEC CHECKSUMS:
  auto_orientation: 2941c44ebe5c3d41016001597ab03e81a92a26ce
  Flutter: 50d75fe2f02b26cc09d224853bb45737f8b3214a
  flutter_super_player: b1b1ddf312a55d139cf541c7f547a9f144d10caa
  TXLiteAVSDK_Player: 5a9cea3ba4e77fc8993b19523afbecdfc1a803ce

PODFILE CHECKSUM: 8e679eca47255a8ca8067c4c67aab20e64cb974d

COCOAPODS: 1.11.3
