PODS:
  - auto_orientation (0.0.1):
    - Flutter
  - Flutter (1.0.0)
  - super_player (1.0.2):
    - Flutter
    - TXLiteAVSDK_Professional
  - TXLiteAVSDK_Professional (10.1.11344):
    - TXLiteAVSDK_Professional/Professional (= 10.1.11344)
  - TXLiteAVSDK_Professional/Professional (10.1.11344)

DEPENDENCIES:
  - auto_orientation (from `.symlinks/plugins/auto_orientation/ios`)
  - Flutter (from `Flutter`)
  - super_player (from `.symlinks/plugins/super_player/ios`)

SPEC REPOS:
  trunk:
    - TXLiteAVSDK_Professional

EXTERNAL SOURCES:
  auto_orientation:
    :path: ".symlinks/plugins/auto_orientation/ios"
  Flutter:
    :path: Flutter
  super_player:
    :path: ".symlinks/plugins/super_player/ios"

SPEC CHECKSUMS:
  auto_orientation: 2941c44ebe5c3d41016001597ab03e81a92a26ce
  Flutter: 50d75fe2f02b26cc09d224853bb45737f8b3214a
  super_player: 34406d33ce9b5c5c01d952fc66153ed7c45395a2
  TXLiteAVSDK_Professional: da94c2e3fc9fc4b17b206d4495298e1744e6b19a

PODFILE CHECKSUM: 503cb461ebd1e4de100eb5092af3ca3f013abcd5

COCOAPODS: 1.11.3
